%{"benchee": {:hex, :benchee, "0.8.0", "fe93506d05252ad82d72257f6549aab11664088a1307f26f0ab1acb172b8c35b", [:mix], [{:deep_merge, "~> 0.1", [hex: :deep_merge, optional: false]}]},
  "bunt": {:hex, :bunt, "0.2.0", "951c6e801e8b1d2cbe58ebbd3e616a869061ddadcc4863d0a2182541acae9a38", [:mix], []},
  "credo": {:hex, :credo, "0.7.4", "0c33bcce4d574ce6df163cbc7d1ecb22de65713184355bd3be81cc4ab0ecaafa", [:mix], [{:bunt, "~> 0.2.0", [hex: :bunt, optional: false]}]},
  "csv": {:hex, :csv, "1.4.4", "992f2e1418849a326fd1d9287801fa2d86091db4f9611f60781da6d236f64cd4", [:mix], [{:parallel_stream, "~> 1.0.4", [hex: :parallel_stream, optional: false]}]},
  "deep_merge": {:hex, :deep_merge, "0.1.1", "c27866a7524a337b6a039eeb8dd4f17d458fd40fbbcb8c54661b71a22fffe846", [:mix], []},
  "parallel_stream": {:hex, :parallel_stream, "1.0.5", "4c78d3e675f9eff885cbe252c89a8fc1d2fb803c0d03a914281e587834e09431", [:mix], []}}
